
Microsoft Visual Studio Solution File, Format Version 12.00
# Visual Studio 15
VisualStudioVersion = 15.0.27703.2035
MinimumVisualStudioVersion = 10.0.40219.1
Project("{2150E333-8FDC-42A3-9474-1A3956D46DE8}") = "0 - Presentation", "0 - Presentation", "{D3EDA60D-FB2B-4E1A-B745-F2F54FFAC161}"
EndProject
Project("{2150E333-8FDC-42A3-9474-1A3956D46DE8}") = "1 - Application", "1 - Application", "{9DCBCD7A-5B53-4C37-B269-E05AF35CC249}"
EndProject
Project("{2150E333-8FDC-42A3-9474-1A3956D46DE8}") = "2 - Domain", "2 - Domain", "{AF7BCC15-3A36-459E-8172-620F08C6EC84}"
EndProject
Project("{2150E333-8FDC-42A3-9474-1A3956D46DE8}") = "3 - Infrastructure", "3 - Infrastructure", "{47E43B7C-8FDE-4445-BD0C-096D82D1CA3C}"
EndProject
Project("{9A19103F-16F7-4668-BE54-9A1E7A4F7556}") = "DomainModel", "DomainModel\DomainModel.csproj", "{2198820F-E69E-48C4-9888-FFDF9DBD6EAE}"
EndProject
Project("{9A19103F-16F7-4668-BE54-9A1E7A4F7556}") = "DomainService", "DomainService\DomainService.csproj", "{8C7FA2EA-F440-4C43-9BF3-F8E2B1B88E0A}"
EndProject
Project("{9A19103F-16F7-4668-BE54-9A1E7A4F7556}") = "Data", "Data\Data.csproj", "{08C52496-BA27-49CD-B3F8-82E4F7598CCF}"
EndProject
Project("{9A19103F-16F7-4668-BE54-9A1E7A4F7556}") = "BoardGameApp", "BoardGameApp\BoardGameApp.csproj", "{D2BFB657-199A-456A-B134-26A3D185ED57}"
EndProject
Project("{2150E333-8FDC-42A3-9474-1A3956D46DE8}") = "Mobile", "Mobile", "{7189375F-E6F6-4401-8E72-8D0D8962321E}"
EndProject
Project("{FAE04EC0-301F-11D3-BF4B-00C04F79EFBC}") = "App.Android", "App\App.Android\App.Android.csproj", "{24CE3C36-16B9-426D-AA0C-5961ECF8D88C}"
EndProject
Project("{FAE04EC0-301F-11D3-BF4B-00C04F79EFBC}") = "App.iOS", "App\App.iOS\App.iOS.csproj", "{0255C376-9475-44EF-93A4-B0613B477A68}"
EndProject
Project("{FAE04EC0-301F-11D3-BF4B-00C04F79EFBC}") = "App", "App\App\App.csproj", "{2BF880B8-CB6F-4794-928D-A9BC98E20AAC}"
EndProject
Global
	GlobalSection(SolutionConfigurationPlatforms) = preSolution
		Debug|Any CPU = Debug|Any CPU
		Debug|iPhone = Debug|iPhone
		Debug|iPhoneSimulator = Debug|iPhoneSimulator
		Release|Any CPU = Release|Any CPU
		Release|iPhone = Release|iPhone
		Release|iPhoneSimulator = Release|iPhoneSimulator
	EndGlobalSection
	GlobalSection(ProjectConfigurationPlatforms) = postSolution
		{2198820F-E69E-48C4-9888-FFDF9DBD6EAE}.Debug|Any CPU.ActiveCfg = Debug|Any CPU
		{2198820F-E69E-48C4-9888-FFDF9DBD6EAE}.Debug|Any CPU.Build.0 = Debug|Any CPU
		{2198820F-E69E-48C4-9888-FFDF9DBD6EAE}.Debug|iPhone.ActiveCfg = Debug|Any CPU
		{2198820F-E69E-48C4-9888-FFDF9DBD6EAE}.Debug|iPhone.Build.0 = Debug|Any CPU
		{2198820F-E69E-48C4-9888-FFDF9DBD6EAE}.Debug|iPhoneSimulator.ActiveCfg = Debug|Any CPU
		{2198820F-E69E-48C4-9888-FFDF9DBD6EAE}.Debug|iPhoneSimulator.Build.0 = Debug|Any CPU
		{2198820F-E69E-48C4-9888-FFDF9DBD6EAE}.Release|Any CPU.ActiveCfg = Release|Any CPU
		{2198820F-E69E-48C4-9888-FFDF9DBD6EAE}.Release|Any CPU.Build.0 = Release|Any CPU
		{2198820F-E69E-48C4-9888-FFDF9DBD6EAE}.Release|iPhone.ActiveCfg = Release|Any CPU
		{2198820F-E69E-48C4-9888-FFDF9DBD6EAE}.Release|iPhone.Build.0 = Release|Any CPU
		{2198820F-E69E-48C4-9888-FFDF9DBD6EAE}.Release|iPhoneSimulator.ActiveCfg = Release|Any CPU
		{2198820F-E69E-48C4-9888-FFDF9DBD6EAE}.Release|iPhoneSimulator.Build.0 = Release|Any CPU
		{8C7FA2EA-F440-4C43-9BF3-F8E2B1B88E0A}.Debug|Any CPU.ActiveCfg = Debug|Any CPU
		{8C7FA2EA-F440-4C43-9BF3-F8E2B1B88E0A}.Debug|Any CPU.Build.0 = Debug|Any CPU
		{8C7FA2EA-F440-4C43-9BF3-F8E2B1B88E0A}.Debug|iPhone.ActiveCfg = Debug|Any CPU
		{8C7FA2EA-F440-4C43-9BF3-F8E2B1B88E0A}.Debug|iPhone.Build.0 = Debug|Any CPU
		{8C7FA2EA-F440-4C43-9BF3-F8E2B1B88E0A}.Debug|iPhoneSimulator.ActiveCfg = Debug|Any CPU
		{8C7FA2EA-F440-4C43-9BF3-F8E2B1B88E0A}.Debug|iPhoneSimulator.Build.0 = Debug|Any CPU
		{8C7FA2EA-F440-4C43-9BF3-F8E2B1B88E0A}.Release|Any CPU.ActiveCfg = Release|Any CPU
		{8C7FA2EA-F440-4C43-9BF3-F8E2B1B88E0A}.Release|Any CPU.Build.0 = Release|Any CPU
		{8C7FA2EA-F440-4C43-9BF3-F8E2B1B88E0A}.Release|iPhone.ActiveCfg = Release|Any CPU
		{8C7FA2EA-F440-4C43-9BF3-F8E2B1B88E0A}.Release|iPhone.Build.0 = Release|Any CPU
		{8C7FA2EA-F440-4C43-9BF3-F8E2B1B88E0A}.Release|iPhoneSimulator.ActiveCfg = Release|Any CPU
		{8C7FA2EA-F440-4C43-9BF3-F8E2B1B88E0A}.Release|iPhoneSimulator.Build.0 = Release|Any CPU
		{08C52496-BA27-49CD-B3F8-82E4F7598CCF}.Debug|Any CPU.ActiveCfg = Debug|Any CPU
		{08C52496-BA27-49CD-B3F8-82E4F7598CCF}.Debug|Any CPU.Build.0 = Debug|Any CPU
		{08C52496-BA27-49CD-B3F8-82E4F7598CCF}.Debug|iPhone.ActiveCfg = Debug|Any CPU
		{08C52496-BA27-49CD-B3F8-82E4F7598CCF}.Debug|iPhone.Build.0 = Debug|Any CPU
		{08C52496-BA27-49CD-B3F8-82E4F7598CCF}.Debug|iPhoneSimulator.ActiveCfg = Debug|Any CPU
		{08C52496-BA27-49CD-B3F8-82E4F7598CCF}.Debug|iPhoneSimulator.Build.0 = Debug|Any CPU
		{08C52496-BA27-49CD-B3F8-82E4F7598CCF}.Release|Any CPU.ActiveCfg = Release|Any CPU
		{08C52496-BA27-49CD-B3F8-82E4F7598CCF}.Release|Any CPU.Build.0 = Release|Any CPU
		{08C52496-BA27-49CD-B3F8-82E4F7598CCF}.Release|iPhone.ActiveCfg = Release|Any CPU
		{08C52496-BA27-49CD-B3F8-82E4F7598CCF}.Release|iPhone.Build.0 = Release|Any CPU
		{08C52496-BA27-49CD-B3F8-82E4F7598CCF}.Release|iPhoneSimulator.ActiveCfg = Release|Any CPU
		{08C52496-BA27-49CD-B3F8-82E4F7598CCF}.Release|iPhoneSimulator.Build.0 = Release|Any CPU
		{D2BFB657-199A-456A-B134-26A3D185ED57}.Debug|Any CPU.ActiveCfg = Debug|Any CPU
		{D2BFB657-199A-456A-B134-26A3D185ED57}.Debug|Any CPU.Build.0 = Debug|Any CPU
		{D2BFB657-199A-456A-B134-26A3D185ED57}.Debug|iPhone.ActiveCfg = Debug|Any CPU
		{D2BFB657-199A-456A-B134-26A3D185ED57}.Debug|iPhone.Build.0 = Debug|Any CPU
		{D2BFB657-199A-456A-B134-26A3D185ED57}.Debug|iPhoneSimulator.ActiveCfg = Debug|Any CPU
		{D2BFB657-199A-456A-B134-26A3D185ED57}.Debug|iPhoneSimulator.Build.0 = Debug|Any CPU
		{D2BFB657-199A-456A-B134-26A3D185ED57}.Release|Any CPU.ActiveCfg = Release|Any CPU
		{D2BFB657-199A-456A-B134-26A3D185ED57}.Release|Any CPU.Build.0 = Release|Any CPU
		{D2BFB657-199A-456A-B134-26A3D185ED57}.Release|iPhone.ActiveCfg = Release|Any CPU
		{D2BFB657-199A-456A-B134-26A3D185ED57}.Release|iPhone.Build.0 = Release|Any CPU
		{D2BFB657-199A-456A-B134-26A3D185ED57}.Release|iPhoneSimulator.ActiveCfg = Release|Any CPU
		{D2BFB657-199A-456A-B134-26A3D185ED57}.Release|iPhoneSimulator.Build.0 = Release|Any CPU
		{24CE3C36-16B9-426D-AA0C-5961ECF8D88C}.Debug|Any CPU.ActiveCfg = Debug|Any CPU
		{24CE3C36-16B9-426D-AA0C-5961ECF8D88C}.Debug|Any CPU.Build.0 = Debug|Any CPU
		{24CE3C36-16B9-426D-AA0C-5961ECF8D88C}.Debug|Any CPU.Deploy.0 = Debug|Any CPU
		{24CE3C36-16B9-426D-AA0C-5961ECF8D88C}.Debug|iPhone.ActiveCfg = Debug|Any CPU
		{24CE3C36-16B9-426D-AA0C-5961ECF8D88C}.Debug|iPhone.Build.0 = Debug|Any CPU
		{24CE3C36-16B9-426D-AA0C-5961ECF8D88C}.Debug|iPhone.Deploy.0 = Debug|Any CPU
		{24CE3C36-16B9-426D-AA0C-5961ECF8D88C}.Debug|iPhoneSimulator.ActiveCfg = Debug|Any CPU
		{24CE3C36-16B9-426D-AA0C-5961ECF8D88C}.Debug|iPhoneSimulator.Build.0 = Debug|Any CPU
		{24CE3C36-16B9-426D-AA0C-5961ECF8D88C}.Debug|iPhoneSimulator.Deploy.0 = Debug|Any CPU
		{24CE3C36-16B9-426D-AA0C-5961ECF8D88C}.Release|Any CPU.ActiveCfg = Release|Any CPU
		{24CE3C36-16B9-426D-AA0C-5961ECF8D88C}.Release|Any CPU.Build.0 = Release|Any CPU
		{24CE3C36-16B9-426D-AA0C-5961ECF8D88C}.Release|Any CPU.Deploy.0 = Release|Any CPU
		{24CE3C36-16B9-426D-AA0C-5961ECF8D88C}.Release|iPhone.ActiveCfg = Release|Any CPU
		{24CE3C36-16B9-426D-AA0C-5961ECF8D88C}.Release|iPhone.Build.0 = Release|Any CPU
		{24CE3C36-16B9-426D-AA0C-5961ECF8D88C}.Release|iPhone.Deploy.0 = Release|Any CPU
		{24CE3C36-16B9-426D-AA0C-5961ECF8D88C}.Release|iPhoneSimulator.ActiveCfg = Release|Any CPU
		{24CE3C36-16B9-426D-AA0C-5961ECF8D88C}.Release|iPhoneSimulator.Build.0 = Release|Any CPU
		{24CE3C36-16B9-426D-AA0C-5961ECF8D88C}.Release|iPhoneSimulator.Deploy.0 = Release|Any CPU
		{0255C376-9475-44EF-93A4-B0613B477A68}.Debug|Any CPU.ActiveCfg = Debug|iPhone
		{0255C376-9475-44EF-93A4-B0613B477A68}.Debug|iPhone.ActiveCfg = Debug|iPhone
		{0255C376-9475-44EF-93A4-B0613B477A68}.Debug|iPhone.Build.0 = Debug|iPhone
		{0255C376-9475-44EF-93A4-B0613B477A68}.Debug|iPhoneSimulator.ActiveCfg = Debug|iPhoneSimulator
		{0255C376-9475-44EF-93A4-B0613B477A68}.Debug|iPhoneSimulator.Build.0 = Debug|iPhoneSimulator
		{0255C376-9475-44EF-93A4-B0613B477A68}.Release|Any CPU.ActiveCfg = Release|iPhone
		{0255C376-9475-44EF-93A4-B0613B477A68}.Release|iPhone.ActiveCfg = Release|iPhone
		{0255C376-9475-44EF-93A4-B0613B477A68}.Release|iPhone.Build.0 = Release|iPhone
		{0255C376-9475-44EF-93A4-B0613B477A68}.Release|iPhoneSimulator.ActiveCfg = Release|iPhoneSimulator
		{0255C376-9475-44EF-93A4-B0613B477A68}.Release|iPhoneSimulator.Build.0 = Release|iPhoneSimulator
		{2BF880B8-CB6F-4794-928D-A9BC98E20AAC}.Debug|Any CPU.ActiveCfg = Debug|Any CPU
		{2BF880B8-CB6F-4794-928D-A9BC98E20AAC}.Debug|Any CPU.Build.0 = Debug|Any CPU
		{2BF880B8-CB6F-4794-928D-A9BC98E20AAC}.Debug|iPhone.ActiveCfg = Debug|Any CPU
		{2BF880B8-CB6F-4794-928D-A9BC98E20AAC}.Debug|iPhone.Build.0 = Debug|Any CPU
		{2BF880B8-CB6F-4794-928D-A9BC98E20AAC}.Debug|iPhoneSimulator.ActiveCfg = Debug|Any CPU
		{2BF880B8-CB6F-4794-928D-A9BC98E20AAC}.Debug|iPhoneSimulator.Build.0 = Debug|Any CPU
		{2BF880B8-CB6F-4794-928D-A9BC98E20AAC}.Release|Any CPU.ActiveCfg = Release|Any CPU
		{2BF880B8-CB6F-4794-928D-A9BC98E20AAC}.Release|Any CPU.Build.0 = Release|Any CPU
		{2BF880B8-CB6F-4794-928D-A9BC98E20AAC}.Release|iPhone.ActiveCfg = Release|Any CPU
		{2BF880B8-CB6F-4794-928D-A9BC98E20AAC}.Release|iPhone.Build.0 = Release|Any CPU
		{2BF880B8-CB6F-4794-928D-A9BC98E20AAC}.Release|iPhoneSimulator.ActiveCfg = Release|Any CPU
		{2BF880B8-CB6F-4794-928D-A9BC98E20AAC}.Release|iPhoneSimulator.Build.0 = Release|Any CPU
	EndGlobalSection
	GlobalSection(SolutionProperties) = preSolution
		HideSolutionNode = FALSE
	EndGlobalSection
	GlobalSection(NestedProjects) = preSolution
		{2198820F-E69E-48C4-9888-FFDF9DBD6EAE} = {AF7BCC15-3A36-459E-8172-620F08C6EC84}
		{8C7FA2EA-F440-4C43-9BF3-F8E2B1B88E0A} = {AF7BCC15-3A36-459E-8172-620F08C6EC84}
		{08C52496-BA27-49CD-B3F8-82E4F7598CCF} = {47E43B7C-8FDE-4445-BD0C-096D82D1CA3C}
		{D2BFB657-199A-456A-B134-26A3D185ED57} = {9DCBCD7A-5B53-4C37-B269-E05AF35CC249}
		{7189375F-E6F6-4401-8E72-8D0D8962321E} = {D3EDA60D-FB2B-4E1A-B745-F2F54FFAC161}
		{24CE3C36-16B9-426D-AA0C-5961ECF8D88C} = {7189375F-E6F6-4401-8E72-8D0D8962321E}
		{0255C376-9475-44EF-93A4-B0613B477A68} = {7189375F-E6F6-4401-8E72-8D0D8962321E}
		{2BF880B8-CB6F-4794-928D-A9BC98E20AAC} = {7189375F-E6F6-4401-8E72-8D0D8962321E}
	EndGlobalSection
	GlobalSection(ExtensibilityGlobals) = postSolution
		SolutionGuid = {3D255E4E-103C-4F20-AA0A-C8533BDB34A0}
	EndGlobalSection
EndGlobal
